
Microsoft Visual Studio Solution File, Format Version 12.00
# Visual Studio Version 16
VisualStudioVersion = 16.0.30907.101
MinimumVisualStudioVersion = 10.0.40219.1
Project("{9A19103F-16F7-4668-BE54-9A1E7A4F7556}") = "ArtificialIntelligenceMethodsProject", "ArtificialIntelligenceMethodsProject\ArtificialIntelligenceMethodsProject.csproj", "{0FE74189-9EB3-4905-B526-9FDD8FF1BA7C}"
EndProject
Project("{FAE04EC0-301F-11D3-BF4B-00C04F79EFBC}") = "ArtificialIntelligenceMethodsTests", "ArtificialIntelligenceMethodsTests\ArtificialIntelligenceMethodsTests.csproj", "{F502BE8A-49A7-42AC-8ECE-2C7F11730EE8}"
EndProject
Global
	GlobalSection(SolutionConfigurationPlatforms) = preSolution
		Debug|Any CPU = Debug|Any CPU
		Release|Any CPU = Release|Any CPU
	EndGlobalSection
	GlobalSection(ProjectConfigurationPlatforms) = postSolution
		{0FE74189-9EB3-4905-B526-9FDD8FF1BA7C}.Debug|Any CPU.ActiveCfg = Debug|Any CPU
		{0FE74189-9EB3-4905-B526-9FDD8FF1BA7C}.Debug|Any CPU.Build.0 = Debug|Any CPU
		{0FE74189-9EB3-4905-B526-9FDD8FF1BA7C}.Release|Any CPU.ActiveCfg = Release|Any CPU
		{0FE74189-9EB3-4905-B526-9FDD8FF1BA7C}.Release|Any CPU.Build.0 = Release|Any CPU
		{F502BE8A-49A7-42AC-8ECE-2C7F11730EE8}.Debug|Any CPU.ActiveCfg = Debug|Any CPU
		{F502BE8A-49A7-42AC-8ECE-2C7F11730EE8}.Debug|Any CPU.Build.0 = Debug|Any CPU
		{F502BE8A-49A7-42AC-8ECE-2C7F11730EE8}.Release|Any CPU.ActiveCfg = Release|Any CPU
		{F502BE8A-49A7-42AC-8ECE-2C7F11730EE8}.Release|Any CPU.Build.0 = Release|Any CPU
	EndGlobalSection
	GlobalSection(SolutionProperties) = preSolution
		HideSolutionNode = FALSE
	EndGlobalSection
	GlobalSection(ExtensibilityGlobals) = postSolution
		SolutionGuid = {18C5CCBE-93C0-4923-8091-67C7265B3D4E}
	EndGlobalSection
EndGlobal
